<?xml version="1.0" encoding="utf-8"?>
<Project ToolsVersion="4.0" xmlns="http://schemas.microsoft.com/developer/msbuild/2003">
  <ItemGroup>
    <Filter Include="Source Files">
      <UniqueIdentifier>{4FC737F1-C7A5-4376-A066-2A32D752A2FF}</UniqueIdentifier>
      <Extensions>cpp;c;cc;cxx;c++;cppm;ixx;def;odl;idl;hpj;bat;asm;asmx</Extensions>
    </Filter>
    <Filter Include="Header Files">
      <UniqueIdentifier>{93995380-89BD-4b04-88EB-625FBE52EBFB}</UniqueIdentifier>
      <Extensions>h;hh;hpp;hxx;h++;hm;inl;inc;ipp;xsd</Extensions>
    </Filter>
    <Filter Include="Resource Files">
      <UniqueIdentifier>{67DA6AB6-F800-4c08-8B7A-83BB121AAD01}</UniqueIdentifier>
      <Extensions>rc;ico;cur;bmp;dlg;rc2;rct;bin;rgs;gif;jpg;jpeg;jpe;resx;tiff;tif;png;wav;mfcribbon-ms</Extensions>
    </Filter>
    <Filter Include="DS">
      <UniqueIdentifier>{36d654a8-c406-402b-b6b2-eee358447485}</UniqueIdentifier>
    </Filter>
    <Filter Include="Events">
      <UniqueIdentifier>{8ccaf90f-d30b-4461-8691-ac083294847a}</UniqueIdentifier>
    </Filter>
    <Filter Include="Rovers">
      <UniqueIdentifier>{c61a07ab-308e-4774-8b88-85e00ed08061}</UniqueIdentifier>
    </Filter>
    <Filter Include="Missions">
      <UniqueIdentifier>{fd04adfc-2503-4c03-9869-2199cd9d51b1}</UniqueIdentifier>
    </Filter>
  </ItemGroup>
  <ItemGroup>
    <ClCompile Include="MarsStation.cpp">
      <Filter>Source Files</Filter>
    </ClCompile>
    <ClCompile Include="..\Events\Formulation.cpp">
      <Filter>Events</Filter>
    </ClCompile>
    <ClCompile Include="..\Events\Promotion.cpp">
      <Filter>Events</Filter>
    </ClCompile>
    <ClCompile Include="..\Events\Cancellation.cpp">
      <Filter>Events</Filter>
    </ClCompile>
    <ClCompile Include="..\Events\Event.cpp">
      <Filter>Events</Filter>
    </ClCompile>
    <ClCompile Include="Source.cpp">
      <Filter>Source Files</Filter>
    </ClCompile>
    <ClCompile Include="UI.cpp">
      <Filter>Source Files</Filter>
    </ClCompile>
    <ClCompile Include="..\Rovers\PolarRover.cpp">
      <Filter>Rovers</Filter>
    </ClCompile>
    <ClCompile Include="..\Rovers\Rover.cpp">
      <Filter>Rovers</Filter>
    </ClCompile>
    <ClCompile Include="..\Rovers\EmergencyRover.cpp">
      <Filter>Rovers</Filter>
    </ClCompile>
    <ClCompile Include="..\Rovers\MountainousRover.cpp">
      <Filter>Rovers</Filter>
    </ClCompile>
    <ClCompile Include="..\Missions\PolarMission.cpp">
      <Filter>Missions</Filter>
    </ClCompile>
    <ClCompile Include="..\Missions\MountainousMission.cpp">
      <Filter>Missions</Filter>
    </ClCompile>
    <ClCompile Include="..\Missions\Mission.cpp">
      <Filter>Missions</Filter>
    </ClCompile>
    <ClCompile Include="..\Missions\EmergencyMission.cpp">
      <Filter>Missions</Filter>
    </ClCompile>
  </ItemGroup>
  <ItemGroup>
    <ClInclude Include="MarsStation.h">
      <Filter>Header Files</Filter>
    </ClInclude>
    <ClInclude Include="UI.h">
      <Filter>Header Files</Filter>
    </ClInclude>
    <ClInclude Include="..\DS\Node.h">
      <Filter>DS</Filter>
    </ClInclude>
    <ClInclude Include="..\DS\PriortyNode.h">
      <Filter>DS</Filter>
    </ClInclude>
    <ClInclude Include="..\DS\priortyQueueADT.h">
      <Filter>DS</Filter>
    </ClInclude>
    <ClInclude Include="..\DS\LinkedList.h">
      <Filter>DS</Filter>
    </ClInclude>
    <ClInclude Include="..\DS\ListADT.h">
      <Filter>DS</Filter>
    </ClInclude>
    <ClInclude Include="..\DS\priority_queue.h">
      <Filter>DS</Filter>
    </ClInclude>
    <ClInclude Include="..\DS\Queue.h">
      <Filter>DS</Filter>
    </ClInclude>
    <ClInclude Include="..\DS\QueueADT.h">
      <Filter>DS</Filter>
    </ClInclude>
    <ClInclude Include="..\Events\Formulation.h">
      <Filter>Events</Filter>
    </ClInclude>
    <ClInclude Include="..\Events\Promotion.h">
      <Filter>Events</Filter>
    </ClInclude>
    <ClInclude Include="..\Events\Cancellation.h">
      <Filter>Events</Filter>
    </ClInclude>
    <ClInclude Include="..\Events\Event.h">
      <Filter>Events</Filter>
    </ClInclude>
    <ClInclude Include="..\Rovers\MountainousRover.h">
      <Filter>Rovers</Filter>
    </ClInclude>
    <ClInclude Include="..\Rovers\PolarRover.h">
      <Filter>Rovers</Filter>
    </ClInclude>
    <ClInclude Include="..\Rovers\Rover.h">
      <Filter>Rovers</Filter>
    </ClInclude>
    <ClInclude Include="..\Rovers\EmergencyRover.h">
      <Filter>Rovers</Filter>
    </ClInclude>
    <ClInclude Include="..\Missions\PolarMission.h">
      <Filter>Missions</Filter>
    </ClInclude>
    <ClInclude Include="..\Missions\MountainousMission.h">
      <Filter>Missions</Filter>
    </ClInclude>
    <ClInclude Include="..\Missions\Mission.h">
      <Filter>Missions</Filter>
    </ClInclude>
    <ClInclude Include="..\Missions\EmergencyMission.h">
      <Filter>Missions</Filter>
    </ClInclude>
    <ClInclude Include="..\DS\Pair.h">
      <Filter>DS</Filter>
    </ClInclude>
  </ItemGroup>
</Project>